
Microsoft Visual Studio Solution File, Format Version 12.00
# Visual Studio Version 17
VisualStudioVersion = 17.5.33516.290
MinimumVisualStudioVersion = 10.0.40219.1
Project("{FAE04EC0-301F-11D3-BF4B-00C04F79EFBC}") = "TesteWebApi", "TesteWebApi\TesteWebApi.csproj", "{172DDBD9-3DEF-4302-81C1-3BE94FFE7F1C}"
EndProject
Project("{FAE04EC0-301F-11D3-BF4B-00C04F79EFBC}") = "TesteWebApi.Domain", "TesteWebApi.Domain\TesteWebApi.Domain.csproj", "{5A59E921-0AE8-49E6-AC47-82106886EAFA}"
EndProject
Project("{FAE04EC0-301F-11D3-BF4B-00C04F79EFBC}") = "TesteWebApi.Repository", "TesteWebApi.Repository\TesteWebApi.Repository.csproj", "{C2F62467-6DF8-4C2E-AF46-633CC2A2E39E}"
EndProject
Project("{FAE04EC0-301F-11D3-BF4B-00C04F79EFBC}") = "TesteWebApi.Service", "TesteWebApi.Service\TesteWebApi.Service.csproj", "{6A89210C-6336-413E-9C36-BBF3D1C426CD}"
EndProject
Project("{FAE04EC0-301F-11D3-BF4B-00C04F79EFBC}") = "TesteWebApi.Teste", "TesteWebApi.Teste\TesteWebApi.Teste.csproj", "{8E06B394-EAE5-44A4-A926-54E481888732}"
EndProject
Global
	GlobalSection(SolutionConfigurationPlatforms) = preSolution
		Debug|Any CPU = Debug|Any CPU
		Release|Any CPU = Release|Any CPU
	EndGlobalSection
	GlobalSection(ProjectConfigurationPlatforms) = postSolution
		{172DDBD9-3DEF-4302-81C1-3BE94FFE7F1C}.Debug|Any CPU.ActiveCfg = Debug|Any CPU
		{172DDBD9-3DEF-4302-81C1-3BE94FFE7F1C}.Debug|Any CPU.Build.0 = Debug|Any CPU
		{172DDBD9-3DEF-4302-81C1-3BE94FFE7F1C}.Release|Any CPU.ActiveCfg = Release|Any CPU
		{172DDBD9-3DEF-4302-81C1-3BE94FFE7F1C}.Release|Any CPU.Build.0 = Release|Any CPU
		{5A59E921-0AE8-49E6-AC47-82106886EAFA}.Debug|Any CPU.ActiveCfg = Debug|Any CPU
		{5A59E921-0AE8-49E6-AC47-82106886EAFA}.Debug|Any CPU.Build.0 = Debug|Any CPU
		{5A59E921-0AE8-49E6-AC47-82106886EAFA}.Release|Any CPU.ActiveCfg = Release|Any CPU
		{5A59E921-0AE8-49E6-AC47-82106886EAFA}.Release|Any CPU.Build.0 = Release|Any CPU
		{C2F62467-6DF8-4C2E-AF46-633CC2A2E39E}.Debug|Any CPU.ActiveCfg = Debug|Any CPU
		{C2F62467-6DF8-4C2E-AF46-633CC2A2E39E}.Debug|Any CPU.Build.0 = Debug|Any CPU
		{C2F62467-6DF8-4C2E-AF46-633CC2A2E39E}.Release|Any CPU.ActiveCfg = Release|Any CPU
		{C2F62467-6DF8-4C2E-AF46-633CC2A2E39E}.Release|Any CPU.Build.0 = Release|Any CPU
		{6A89210C-6336-413E-9C36-BBF3D1C426CD}.Debug|Any CPU.ActiveCfg = Debug|Any CPU
		{6A89210C-6336-413E-9C36-BBF3D1C426CD}.Debug|Any CPU.Build.0 = Debug|Any CPU
		{6A89210C-6336-413E-9C36-BBF3D1C426CD}.Release|Any CPU.ActiveCfg = Release|Any CPU
		{6A89210C-6336-413E-9C36-BBF3D1C426CD}.Release|Any CPU.Build.0 = Release|Any CPU
		{8E06B394-EAE5-44A4-A926-54E481888732}.Debug|Any CPU.ActiveCfg = Debug|Any CPU
		{8E06B394-EAE5-44A4-A926-54E481888732}.Debug|Any CPU.Build.0 = Debug|Any CPU
		{8E06B394-EAE5-44A4-A926-54E481888732}.Release|Any CPU.ActiveCfg = Release|Any CPU
		{8E06B394-EAE5-44A4-A926-54E481888732}.Release|Any CPU.Build.0 = Release|Any CPU
	EndGlobalSection
	GlobalSection(SolutionProperties) = preSolution
		HideSolutionNode = FALSE
	EndGlobalSection
	GlobalSection(ExtensibilityGlobals) = postSolution
		SolutionGuid = {086AE905-D74C-43B1-848A-C033B8EDD7B2}
	EndGlobalSection
EndGlobal
